# This file is automatically @generated by Poetry 1.4.2 and should not be changed by hand.

[[package]]
name = "pytermgui"
version = "7.4.0"
description = "Python TUI framework with mouse support, modular widget system, customizable and rapid terminal markup language and more!"
category = "main"
optional = false
python-versions = ">=3.8"
files = [
    {file = "pytermgui-7.4.0-py3-none-any.whl", hash = "sha256:a162dbc58199644693bbc9d44d23ac124a684e17563a1589713ae55dd9bf0342"},
    {file = "pytermgui-7.4.0.tar.gz", hash = "sha256:b1bda86c95084a9de117fc926beb249f79241bdb05ea51bce884c76292885c61"},
]

[package.dependencies]
typing-extensions = "*"

[package.extras]
yaml = ["pyyaml"]

[[package]]
name = "typing-extensions"
version = "4.6.3"
description = "Backported and Experimental Type Hints for Python 3.7+"
category = "main"
optional = false
python-versions = ">=3.7"
files = [
    {file = "typing_extensions-4.6.3-py3-none-any.whl", hash = "sha256:88a4153d8505aabbb4e13aacb7c486c2b4a33ca3b3f807914a9b4c844c471c26"},
    {file = "typing_extensions-4.6.3.tar.gz", hash = "sha256:d91d5919357fe7f681a9f2b5b4cb2a5f1ef0a1e9f59c4d8ff0d3491e05c0ffd5"},
]

[metadata]
lock-version = "2.0"
python-versions = "^3.10"
content-hash = "db73164acc865372101ee2d3f8df9e8dee336d76604942022a3912972e759c9b"
